{
  "version": 4,
  "terraform_version": "0.12.28",
  "serial": 165,
  "lineage": "3cb628a0-ae9e-8eda-75d8-c1b15dd59f03",
  "outputs": {
    "alb-security-group-id": {
      "value": "sg-0cb77b7bb85a98af1",
      "type": "string"
    },
    "instance-security-group-id": {
      "value": "sg-01c66b938b84fc672",
      "type": "string"
    },
    "private-subnet-id-1": {
      "value": "subnet-0cc3fd36df51f6961",
      "type": "string"
    },
    "private-subnet-id-2": {
      "value": "subnet-08510ac8937e8f5e5",
      "type": "string"
    },
    "private-subnets": {
      "value": [
        "subnet-0cc3fd36df51f6961",
        "subnet-08510ac8937e8f5e5"
      ],
      "type": [
        "tuple",
        [
          "string",
          "string"
        ]
      ]
    },
    "public-subnets": {
      "value": [
        "subnet-0e12b8c1fc273bf3f",
        "subnet-0c9e34f554f2ebdbd"
      ],
      "type": [
        "tuple",
        [
          "string",
          "string"
        ]
      ]
    },
    "vpc-id": {
      "value": "vpc-0a412bec63cd483f2",
      "type": "string"
    }
  },
  "resources": [
    {
      "module": "module.autoscaling",
      "mode": "data",
      "type": "aws_availability_zones",
      "name": "available",
      "provider": "provider.aws",
      "instances": [
        {
          "schema_version": 0,
          "attributes": {
            "all_availability_zones": null,
            "blacklisted_names": null,
            "blacklisted_zone_ids": null,
            "exclude_names": null,
            "exclude_zone_ids": null,
            "filter": null,
            "group_names": [
              "us-east-1"
            ],
            "id": "2020-07-24 16:42:05.796289194 +0000 UTC",
            "names": [
              "us-east-1a",
              "us-east-1b",
              "us-east-1c",
              "us-east-1d",
              "us-east-1e",
              "us-east-1f"
            ],
            "state": "available",
            "zone_ids": [
              "use1-az4",
              "use1-az6",
              "use1-az1",
              "use1-az2",
              "use1-az3",
              "use1-az5"
            ]
          }
        }
      ]
    },
    {
      "module": "module.vpc",
      "mode": "data",
      "type": "aws_availability_zones",
      "name": "available",
      "provider": "provider.aws",
      "instances": [
        {
          "schema_version": 0,
          "attributes": {
            "all_availability_zones": null,
            "blacklisted_names": null,
            "blacklisted_zone_ids": null,
            "exclude_names": null,
            "exclude_zone_ids": null,
            "filter": null,
            "group_names": [
              "us-east-1"
            ],
            "id": "2020-07-24 16:42:05.797020431 +0000 UTC",
            "names": [
              "us-east-1a",
              "us-east-1b",
              "us-east-1c",
              "us-east-1d",
              "us-east-1e",
              "us-east-1f"
            ],
            "state": "available",
            "zone_ids": [
              "use1-az4",
              "use1-az6",
              "use1-az1",
              "use1-az2",
              "use1-az3",
              "use1-az5"
            ]
          }
        }
      ]
    },
    {
      "module": "module.alb",
      "mode": "managed",
      "type": "aws_autoscaling_attachment",
      "name": "asg_attachment",
      "provider": "provider.aws",
      "instances": [
        {
          "schema_version": 0,
          "attributes": {
            "alb_target_group_arn": "arn:aws:elasticloadbalancing:us-east-1:020046395185:targetgroup/default-alb-TargetGroup/8ff7002c611f98c1",
            "autoscaling_group_name": "default-autoscaling-autoscaling-group",
            "elb": null,
            "id": "default-autoscaling-autoscaling-group-20200724164357497000000002"
          },
          "private": "bnVsbA==",
          "dependencies": [
            "module.alb.aws_lb_target_group.alb-target-group",
            "module.autoscaling.aws_autoscaling_group.autoscaling",
            "module.autoscaling.aws_launch_configuration.launchconfig",
            "module.vpc.aws_security_group.alb-security-group",
            "module.vpc.aws_security_group.instance-security-group",
            "module.vpc.aws_subnet.private-subnets",
            "module.vpc.aws_vpc.vpc"
          ]
        }
      ]
    },
    {
      "module": "module.autoscaling",
      "mode": "managed",
      "type": "aws_autoscaling_group",
      "name": "autoscaling",
      "provider": "provider.aws",
      "instances": [
        {
          "schema_version": 0,
          "attributes": {
            "arn": "arn:aws:autoscaling:us-east-1:020046395185:autoScalingGroup:3d881124-e73d-487d-a7a3-f26e3a4b1205:autoScalingGroupName/default-autoscaling-autoscaling-group",
            "availability_zones": [
              "us-east-1b",
              "us-east-1c"
            ],
            "default_cooldown": 120,
            "desired_capacity": 2,
            "enabled_metrics": null,
            "force_delete": true,
            "health_check_grace_period": 120,
            "health_check_type": "EC2",
            "id": "default-autoscaling-autoscaling-group",
            "initial_lifecycle_hook": [],
            "launch_configuration": "default-launchconfig20200724164307382200000001",
            "launch_template": [],
            "load_balancers": [],
            "max_instance_lifetime": 0,
            "max_size": 2,
            "metrics_granularity": "1Minute",
            "min_elb_capacity": null,
            "min_size": 2,
            "mixed_instances_policy": [],
            "name": "default-autoscaling-autoscaling-group",
            "name_prefix": null,
            "placement_group": "",
            "protect_from_scale_in": false,
            "service_linked_role_arn": "arn:aws:iam::020046395185:role/aws-service-role/autoscaling.amazonaws.com/AWSServiceRoleForAutoScaling",
            "suspended_processes": null,
            "tag": [
              {
                "key": "Name",
                "propagate_at_launch": true,
                "value": "default-autoscaling-ec2 instance"
              }
            ],
            "tags": null,
            "target_group_arns": [],
            "termination_policies": null,
            "timeouts": null,
            "vpc_zone_identifier": [
              "subnet-08510ac8937e8f5e5",
              "subnet-0cc3fd36df51f6961"
            ],
            "wait_for_capacity_timeout": "10m",
            "wait_for_elb_capacity": null
          },
          "private": "eyJlMmJmYjczMC1lY2FhLTExZTYtOGY4OC0zNDM2M2JjN2M0YzAiOnsiZGVsZXRlIjo2MDAwMDAwMDAwMDB9fQ==",
          "dependencies": [
            "module.autoscaling.aws_launch_configuration.launchconfig",
            "module.vpc.aws_security_group.alb-security-group",
            "module.vpc.aws_security_group.instance-security-group",
            "module.vpc.aws_subnet.private-subnets",
            "module.vpc.aws_vpc.vpc"
          ]
        }
      ]
    },
    {
      "module": "module.vpc",
      "mode": "managed",
      "type": "aws_eip",
      "name": "nat",
      "provider": "provider.aws",
      "instances": [
        {
          "schema_version": 0,
          "attributes": {
            "allocation_id": null,
            "associate_with_private_ip": null,
            "association_id": "",
            "customer_owned_ip": "",
            "customer_owned_ipv4_pool": "",
            "domain": "vpc",
            "id": "eipalloc-000ff4015acdd4611",
            "instance": "",
            "network_interface": "",
            "private_dns": null,
            "private_ip": "",
            "public_dns": "ec2-23-21-207-154.compute-1.amazonaws.com",
            "public_ip": "23.21.207.154",
            "public_ipv4_pool": "amazon",
            "tags": null,
            "timeouts": null,
            "vpc": true
          },
          "private": "eyJlMmJmYjczMC1lY2FhLTExZTYtOGY4OC0zNDM2M2JjN2M0YzAiOnsiZGVsZXRlIjoxODAwMDAwMDAwMDAsInJlYWQiOjkwMDAwMDAwMDAwMCwidXBkYXRlIjozMDAwMDAwMDAwMDB9fQ=="
        }
      ]
    },
    {
      "module": "module.vpc",
      "mode": "managed",
      "type": "aws_internet_gateway",
      "name": "vpc-gw",
      "provider": "provider.aws",
      "instances": [
        {
          "schema_version": 0,
          "attributes": {
            "arn": "arn:aws:ec2:us-east-1:020046395185:internet-gateway/igw-091d6e86940eaa3db",
            "id": "igw-091d6e86940eaa3db",
            "owner_id": "020046395185",
            "tags": {
              "Name": "default-vpc-gw"
            },
            "vpc_id": "vpc-0a412bec63cd483f2"
          },
          "private": "bnVsbA==",
          "dependencies": [
            "module.vpc.aws_vpc.vpc"
          ]
        }
      ]
    },
    {
      "module": "module.autoscaling",
      "mode": "managed",
      "type": "aws_launch_configuration",
      "name": "launchconfig",
      "provider": "provider.aws",
      "instances": [
        {
          "schema_version": 0,
          "attributes": {
            "arn": "arn:aws:autoscaling:us-east-1:020046395185:launchConfiguration:63d2a95d-73dc-4339-9929-0981015d9b41:launchConfigurationName/default-launchconfig20200724164307382200000001",
            "associate_public_ip_address": false,
            "ebs_block_device": [],
            "ebs_optimized": false,
            "enable_monitoring": true,
            "ephemeral_block_device": [],
            "iam_instance_profile": "",
            "id": "default-launchconfig20200724164307382200000001",
            "image_id": "ami-0ac80df6eff0e70b5",
            "instance_type": "t2.micro",
            "key_name": "nouman_pk",
            "name": "default-launchconfig20200724164307382200000001",
            "name_prefix": "default-launchconfig",
            "placement_tenancy": null,
            "root_block_device": [],
            "security_groups": [
              "sg-01c66b938b84fc672"
            ],
            "spot_price": "",
            "user_data": null,
            "user_data_base64": null,
            "vpc_classic_link_id": "",
            "vpc_classic_link_security_groups": null
          },
          "private": "bnVsbA==",
          "dependencies": [
            "module.vpc.aws_security_group.alb-security-group",
            "module.vpc.aws_security_group.instance-security-group",
            "module.vpc.aws_vpc.vpc"
          ]
        }
      ]
    },
    {
      "module": "module.alb",
      "mode": "managed",
      "type": "aws_lb",
      "name": "alb",
      "provider": "provider.aws",
      "instances": [
        {
          "schema_version": 0,
          "attributes": {
            "access_logs": [
              {
                "bucket": "",
                "enabled": false,
                "prefix": ""
              }
            ],
            "arn": "arn:aws:elasticloadbalancing:us-east-1:020046395185:loadbalancer/app/default-alb-ALB/4acac7a052ab0a36",
            "arn_suffix": "app/default-alb-ALB/4acac7a052ab0a36",
            "dns_name": "default-alb-ALB-184922546.us-east-1.elb.amazonaws.com",
            "drop_invalid_header_fields": false,
            "enable_cross_zone_load_balancing": null,
            "enable_deletion_protection": false,
            "enable_http2": true,
            "id": "arn:aws:elasticloadbalancing:us-east-1:020046395185:loadbalancer/app/default-alb-ALB/4acac7a052ab0a36",
            "idle_timeout": 60,
            "internal": false,
            "ip_address_type": "ipv4",
            "load_balancer_type": "application",
            "name": "default-alb-ALB",
            "name_prefix": null,
            "security_groups": [
              "sg-0cb77b7bb85a98af1"
            ],
            "subnet_mapping": [
              {
                "allocation_id": "",
                "subnet_id": "subnet-0c9e34f554f2ebdbd"
              },
              {
                "allocation_id": "",
                "subnet_id": "subnet-0e12b8c1fc273bf3f"
              }
            ],
            "subnets": [
              "subnet-0c9e34f554f2ebdbd",
              "subnet-0e12b8c1fc273bf3f"
            ],
            "tags": null,
            "timeouts": null,
            "vpc_id": "vpc-0a412bec63cd483f2",
            "zone_id": "Z35SXDOTRQ7X7K"
          },
          "private": "eyJlMmJmYjczMC1lY2FhLTExZTYtOGY4OC0zNDM2M2JjN2M0YzAiOnsiY3JlYXRlIjo2MDAwMDAwMDAwMDAsImRlbGV0ZSI6NjAwMDAwMDAwMDAwLCJ1cGRhdGUiOjYwMDAwMDAwMDAwMH19",
          "dependencies": [
            "module.vpc.aws_security_group.alb-security-group",
            "module.vpc.aws_subnet.public-subnets",
            "module.vpc.aws_vpc.vpc"
          ]
        }
      ]
    },
    {
      "module": "module.alb",
      "mode": "managed",
      "type": "aws_lb_listener",
      "name": "listener",
      "provider": "provider.aws",
      "instances": [
        {
          "schema_version": 0,
          "attributes": {
            "arn": "arn:aws:elasticloadbalancing:us-east-1:020046395185:listener/app/default-alb-ALB/4acac7a052ab0a36/081bd24cf3eb7fe5",
            "certificate_arn": null,
            "default_action": [
              {
                "authenticate_cognito": [],
                "authenticate_oidc": [],
                "fixed_response": [],
                "forward": [],
                "order": 1,
                "redirect": [],
                "target_group_arn": "arn:aws:elasticloadbalancing:us-east-1:020046395185:targetgroup/default-alb-TargetGroup/8ff7002c611f98c1",
                "type": "forward"
              }
            ],
            "id": "arn:aws:elasticloadbalancing:us-east-1:020046395185:listener/app/default-alb-ALB/4acac7a052ab0a36/081bd24cf3eb7fe5",
            "load_balancer_arn": "arn:aws:elasticloadbalancing:us-east-1:020046395185:loadbalancer/app/default-alb-ALB/4acac7a052ab0a36",
            "port": 80,
            "protocol": "HTTP",
            "ssl_policy": "",
            "timeouts": null
          },
          "private": "eyJlMmJmYjczMC1lY2FhLTExZTYtOGY4OC0zNDM2M2JjN2M0YzAiOnsicmVhZCI6NjAwMDAwMDAwMDAwfX0=",
          "dependencies": [
            "module.alb.aws_lb.alb",
            "module.alb.aws_lb_target_group.alb-target-group",
            "module.vpc.aws_security_group.alb-security-group",
            "module.vpc.aws_subnet.public-subnets",
            "module.vpc.aws_vpc.vpc"
          ]
        }
      ]
    },
    {
      "module": "module.alb",
      "mode": "managed",
      "type": "aws_lb_target_group",
      "name": "alb-target-group",
      "provider": "provider.aws",
      "instances": [
        {
          "schema_version": 0,
          "attributes": {
            "arn": "arn:aws:elasticloadbalancing:us-east-1:020046395185:targetgroup/default-alb-TargetGroup/8ff7002c611f98c1",
            "arn_suffix": "targetgroup/default-alb-TargetGroup/8ff7002c611f98c1",
            "deregistration_delay": 300,
            "health_check": [
              {
                "enabled": true,
                "healthy_threshold": 3,
                "interval": 10,
                "matcher": "200",
                "path": "/",
                "port": "80",
                "protocol": "HTTP",
                "timeout": 5,
                "unhealthy_threshold": 10
              }
            ],
            "id": "arn:aws:elasticloadbalancing:us-east-1:020046395185:targetgroup/default-alb-TargetGroup/8ff7002c611f98c1",
            "lambda_multi_value_headers_enabled": false,
            "load_balancing_algorithm_type": "round_robin",
            "name": "default-alb-TargetGroup",
            "name_prefix": null,
            "port": 80,
            "protocol": "HTTP",
            "proxy_protocol_v2": false,
            "slow_start": 0,
            "stickiness": [
              {
                "cookie_duration": 86400,
                "enabled": false,
                "type": "lb_cookie"
              }
            ],
            "tags": null,
            "target_type": "instance",
            "vpc_id": "vpc-0a412bec63cd483f2"
          },
          "private": "bnVsbA==",
          "dependencies": [
            "module.vpc.aws_vpc.vpc"
          ]
        }
      ]
    },
    {
      "module": "module.vpc",
      "mode": "managed",
      "type": "aws_nat_gateway",
      "name": "nat-gw",
      "provider": "provider.aws",
      "instances": [
        {
          "schema_version": 0,
          "attributes": {
            "allocation_id": "eipalloc-000ff4015acdd4611",
            "id": "nat-033ca537cbd2dde95",
            "network_interface_id": "eni-094d5e1cf63bbe375",
            "private_ip": "10.0.1.164",
            "public_ip": "23.21.207.154",
            "subnet_id": "subnet-0e12b8c1fc273bf3f",
            "tags": {
              "Name": "default-vpc-nat-gw"
            }
          },
          "private": "bnVsbA==",
          "dependencies": [
            "module.vpc.aws_eip.nat",
            "module.vpc.aws_internet_gateway.vpc-gw",
            "module.vpc.aws_subnet.public-subnets",
            "module.vpc.aws_vpc.vpc"
          ]
        }
      ]
    },
    {
      "module": "module.vpc",
      "mode": "managed",
      "type": "aws_route_table",
      "name": "private-route-table",
      "provider": "provider.aws",
      "instances": [
        {
          "schema_version": 0,
          "attributes": {
            "id": "rtb-016fc9b6fd7ab5a7a",
            "owner_id": "020046395185",
            "propagating_vgws": [],
            "route": [
              {
                "cidr_block": "0.0.0.0/0",
                "egress_only_gateway_id": "",
                "gateway_id": "",
                "instance_id": "",
                "ipv6_cidr_block": "",
                "nat_gateway_id": "nat-033ca537cbd2dde95",
                "network_interface_id": "",
                "transit_gateway_id": "",
                "vpc_peering_connection_id": ""
              }
            ],
            "tags": {
              "Name": "default-vpc-private-route-table"
            },
            "vpc_id": "vpc-0a412bec63cd483f2"
          },
          "private": "bnVsbA==",
          "dependencies": [
            "module.vpc.aws_eip.nat",
            "module.vpc.aws_internet_gateway.vpc-gw",
            "module.vpc.aws_nat_gateway.nat-gw",
            "module.vpc.aws_subnet.public-subnets",
            "module.vpc.aws_vpc.vpc"
          ]
        }
      ]
    },
    {
      "module": "module.vpc",
      "mode": "managed",
      "type": "aws_route_table",
      "name": "public-route-table",
      "provider": "provider.aws",
      "instances": [
        {
          "schema_version": 0,
          "attributes": {
            "id": "rtb-050324588840e9ec2",
            "owner_id": "020046395185",
            "propagating_vgws": [],
            "route": [
              {
                "cidr_block": "0.0.0.0/0",
                "egress_only_gateway_id": "",
                "gateway_id": "igw-091d6e86940eaa3db",
                "instance_id": "",
                "ipv6_cidr_block": "",
                "nat_gateway_id": "",
                "network_interface_id": "",
                "transit_gateway_id": "",
                "vpc_peering_connection_id": ""
              }
            ],
            "tags": {
              "Name": "default-vpc-public-route-table"
            },
            "vpc_id": "vpc-0a412bec63cd483f2"
          },
          "private": "bnVsbA==",
          "dependencies": [
            "module.vpc.aws_internet_gateway.vpc-gw",
            "module.vpc.aws_vpc.vpc"
          ]
        }
      ]
    },
    {
      "module": "module.vpc",
      "mode": "managed",
      "type": "aws_route_table_association",
      "name": "private-subnets",
      "each": "list",
      "provider": "provider.aws",
      "instances": [
        {
          "index_key": 0,
          "schema_version": 0,
          "attributes": {
            "gateway_id": null,
            "id": "rtbassoc-06b8ba549d17a3247",
            "route_table_id": "rtb-016fc9b6fd7ab5a7a",
            "subnet_id": "subnet-0cc3fd36df51f6961"
          },
          "private": "bnVsbA==",
          "dependencies": [
            "module.vpc.aws_eip.nat",
            "module.vpc.aws_internet_gateway.vpc-gw",
            "module.vpc.aws_nat_gateway.nat-gw",
            "module.vpc.aws_route_table.private-route-table",
            "module.vpc.aws_subnet.private-subnets",
            "module.vpc.aws_subnet.public-subnets",
            "module.vpc.aws_vpc.vpc"
          ]
        },
        {
          "index_key": 1,
          "schema_version": 0,
          "attributes": {
            "gateway_id": null,
            "id": "rtbassoc-03a2d46518934c7b0",
            "route_table_id": "rtb-016fc9b6fd7ab5a7a",
            "subnet_id": "subnet-08510ac8937e8f5e5"
          },
          "private": "bnVsbA==",
          "dependencies": [
            "module.vpc.aws_eip.nat",
            "module.vpc.aws_internet_gateway.vpc-gw",
            "module.vpc.aws_nat_gateway.nat-gw",
            "module.vpc.aws_route_table.private-route-table",
            "module.vpc.aws_subnet.private-subnets",
            "module.vpc.aws_subnet.public-subnets",
            "module.vpc.aws_vpc.vpc"
          ]
        }
      ]
    },
    {
      "module": "module.vpc",
      "mode": "managed",
      "type": "aws_route_table_association",
      "name": "public-subnets",
      "each": "list",
      "provider": "provider.aws",
      "instances": [
        {
          "index_key": 0,
          "schema_version": 0,
          "attributes": {
            "gateway_id": null,
            "id": "rtbassoc-0ba82452365205f23",
            "route_table_id": "rtb-050324588840e9ec2",
            "subnet_id": "subnet-0e12b8c1fc273bf3f"
          },
          "private": "bnVsbA==",
          "dependencies": [
            "module.vpc.aws_internet_gateway.vpc-gw",
            "module.vpc.aws_route_table.public-route-table",
            "module.vpc.aws_subnet.public-subnets",
            "module.vpc.aws_vpc.vpc"
          ]
        },
        {
          "index_key": 1,
          "schema_version": 0,
          "attributes": {
            "gateway_id": null,
            "id": "rtbassoc-0b4e493539b9f367f",
            "route_table_id": "rtb-050324588840e9ec2",
            "subnet_id": "subnet-0c9e34f554f2ebdbd"
          },
          "private": "bnVsbA==",
          "dependencies": [
            "module.vpc.aws_internet_gateway.vpc-gw",
            "module.vpc.aws_route_table.public-route-table",
            "module.vpc.aws_subnet.public-subnets",
            "module.vpc.aws_vpc.vpc"
          ]
        }
      ]
    },
    {
      "module": "module.vpc",
      "mode": "managed",
      "type": "aws_security_group",
      "name": "alb-security-group",
      "provider": "provider.aws",
      "instances": [
        {
          "schema_version": 1,
          "attributes": {
            "arn": "arn:aws:ec2:us-east-1:020046395185:security-group/sg-0cb77b7bb85a98af1",
            "description": "security group that allows all ingress and all egress traffic",
            "egress": [
              {
                "cidr_blocks": [
                  "0.0.0.0/0"
                ],
                "description": "",
                "from_port": 0,
                "ipv6_cidr_blocks": [],
                "prefix_list_ids": [],
                "protocol": "-1",
                "security_groups": [],
                "self": false,
                "to_port": 0
              }
            ],
            "id": "sg-0cb77b7bb85a98af1",
            "ingress": [
              {
                "cidr_blocks": [
                  "0.0.0.0/0"
                ],
                "description": "",
                "from_port": 0,
                "ipv6_cidr_blocks": [],
                "prefix_list_ids": [],
                "protocol": "-1",
                "security_groups": [],
                "self": false,
                "to_port": 0
              }
            ],
            "name": "default-vpc-ALB SG",
            "name_prefix": null,
            "owner_id": "020046395185",
            "revoke_rules_on_delete": false,
            "tags": {
              "Name": "default-vpc-ALB SG"
            },
            "timeouts": null,
            "vpc_id": "vpc-0a412bec63cd483f2"
          },
          "private": "eyJlMmJmYjczMC1lY2FhLTExZTYtOGY4OC0zNDM2M2JjN2M0YzAiOnsiY3JlYXRlIjo2MDAwMDAwMDAwMDAsImRlbGV0ZSI6NjAwMDAwMDAwMDAwfSwic2NoZW1hX3ZlcnNpb24iOiIxIn0=",
          "dependencies": [
            "module.vpc.aws_vpc.vpc"
          ]
        }
      ]
    },
    {
      "module": "module.vpc",
      "mode": "managed",
      "type": "aws_security_group",
      "name": "instance-security-group",
      "provider": "provider.aws",
      "instances": [
        {
          "schema_version": 1,
          "attributes": {
            "arn": "arn:aws:ec2:us-east-1:020046395185:security-group/sg-01c66b938b84fc672",
            "description": "security group that allows all ingress and all egress traffic",
            "egress": [
              {
                "cidr_blocks": [
                  "0.0.0.0/0"
                ],
                "description": "",
                "from_port": 0,
                "ipv6_cidr_blocks": [],
                "prefix_list_ids": [],
                "protocol": "-1",
                "security_groups": [],
                "self": false,
                "to_port": 0
              }
            ],
            "id": "sg-01c66b938b84fc672",
            "ingress": [
              {
                "cidr_blocks": [
                  "192.168.10.8/32"
                ],
                "description": "",
                "from_port": 0,
                "ipv6_cidr_blocks": [],
                "prefix_list_ids": [],
                "protocol": "-1",
                "security_groups": [
                  "sg-0cb77b7bb85a98af1"
                ],
                "self": false,
                "to_port": 0
              }
            ],
            "name": "default-vpc-SG",
            "name_prefix": null,
            "owner_id": "020046395185",
            "revoke_rules_on_delete": false,
            "tags": {
              "Name": "default-vpc-SG"
            },
            "timeouts": null,
            "vpc_id": "vpc-0a412bec63cd483f2"
          },
          "private": "eyJlMmJmYjczMC1lY2FhLTExZTYtOGY4OC0zNDM2M2JjN2M0YzAiOnsiY3JlYXRlIjo2MDAwMDAwMDAwMDAsImRlbGV0ZSI6NjAwMDAwMDAwMDAwfSwic2NoZW1hX3ZlcnNpb24iOiIxIn0=",
          "dependencies": [
            "module.vpc.aws_security_group.alb-security-group",
            "module.vpc.aws_vpc.vpc"
          ]
        }
      ]
    },
    {
      "module": "module.vpc",
      "mode": "managed",
      "type": "aws_subnet",
      "name": "private-subnets",
      "each": "list",
      "provider": "provider.aws",
      "instances": [
        {
          "index_key": 0,
          "schema_version": 1,
          "attributes": {
            "arn": "arn:aws:ec2:us-east-1:020046395185:subnet/subnet-0cc3fd36df51f6961",
            "assign_ipv6_address_on_creation": false,
            "availability_zone": "us-east-1b",
            "availability_zone_id": "use1-az6",
            "cidr_block": "10.0.3.0/24",
            "id": "subnet-0cc3fd36df51f6961",
            "ipv6_cidr_block": "",
            "ipv6_cidr_block_association_id": "",
            "map_public_ip_on_launch": false,
            "outpost_arn": "",
            "owner_id": "020046395185",
            "tags": {
              "Name": "default-vpc-private-subnet-0"
            },
            "timeouts": null,
            "vpc_id": "vpc-0a412bec63cd483f2"
          },
          "private": "eyJlMmJmYjczMC1lY2FhLTExZTYtOGY4OC0zNDM2M2JjN2M0YzAiOnsiY3JlYXRlIjo2MDAwMDAwMDAwMDAsImRlbGV0ZSI6MTIwMDAwMDAwMDAwMH0sInNjaGVtYV92ZXJzaW9uIjoiMSJ9",
          "dependencies": [
            "module.vpc.aws_vpc.vpc"
          ]
        },
        {
          "index_key": 1,
          "schema_version": 1,
          "attributes": {
            "arn": "arn:aws:ec2:us-east-1:020046395185:subnet/subnet-08510ac8937e8f5e5",
            "assign_ipv6_address_on_creation": false,
            "availability_zone": "us-east-1c",
            "availability_zone_id": "use1-az1",
            "cidr_block": "10.0.4.0/24",
            "id": "subnet-08510ac8937e8f5e5",
            "ipv6_cidr_block": "",
            "ipv6_cidr_block_association_id": "",
            "map_public_ip_on_launch": false,
            "outpost_arn": "",
            "owner_id": "020046395185",
            "tags": {
              "Name": "default-vpc-private-subnet-1"
            },
            "timeouts": null,
            "vpc_id": "vpc-0a412bec63cd483f2"
          },
          "private": "eyJlMmJmYjczMC1lY2FhLTExZTYtOGY4OC0zNDM2M2JjN2M0YzAiOnsiY3JlYXRlIjo2MDAwMDAwMDAwMDAsImRlbGV0ZSI6MTIwMDAwMDAwMDAwMH0sInNjaGVtYV92ZXJzaW9uIjoiMSJ9",
          "dependencies": [
            "module.vpc.aws_vpc.vpc"
          ]
        }
      ]
    },
    {
      "module": "module.vpc",
      "mode": "managed",
      "type": "aws_subnet",
      "name": "public-subnets",
      "each": "list",
      "provider": "provider.aws",
      "instances": [
        {
          "index_key": 0,
          "schema_version": 1,
          "attributes": {
            "arn": "arn:aws:ec2:us-east-1:020046395185:subnet/subnet-0e12b8c1fc273bf3f",
            "assign_ipv6_address_on_creation": false,
            "availability_zone": "us-east-1b",
            "availability_zone_id": "use1-az6",
            "cidr_block": "10.0.1.0/24",
            "id": "subnet-0e12b8c1fc273bf3f",
            "ipv6_cidr_block": "",
            "ipv6_cidr_block_association_id": "",
            "map_public_ip_on_launch": true,
            "outpost_arn": "",
            "owner_id": "020046395185",
            "tags": {
              "Name": "default-vpc-public-subnet-0"
            },
            "timeouts": null,
            "vpc_id": "vpc-0a412bec63cd483f2"
          },
          "private": "eyJlMmJmYjczMC1lY2FhLTExZTYtOGY4OC0zNDM2M2JjN2M0YzAiOnsiY3JlYXRlIjo2MDAwMDAwMDAwMDAsImRlbGV0ZSI6MTIwMDAwMDAwMDAwMH0sInNjaGVtYV92ZXJzaW9uIjoiMSJ9",
          "dependencies": [
            "module.vpc.aws_vpc.vpc"
          ]
        },
        {
          "index_key": 1,
          "schema_version": 1,
          "attributes": {
            "arn": "arn:aws:ec2:us-east-1:020046395185:subnet/subnet-0c9e34f554f2ebdbd",
            "assign_ipv6_address_on_creation": false,
            "availability_zone": "us-east-1c",
            "availability_zone_id": "use1-az1",
            "cidr_block": "10.0.2.0/24",
            "id": "subnet-0c9e34f554f2ebdbd",
            "ipv6_cidr_block": "",
            "ipv6_cidr_block_association_id": "",
            "map_public_ip_on_launch": true,
            "outpost_arn": "",
            "owner_id": "020046395185",
            "tags": {
              "Name": "default-vpc-public-subnet-1"
            },
            "timeouts": null,
            "vpc_id": "vpc-0a412bec63cd483f2"
          },
          "private": "eyJlMmJmYjczMC1lY2FhLTExZTYtOGY4OC0zNDM2M2JjN2M0YzAiOnsiY3JlYXRlIjo2MDAwMDAwMDAwMDAsImRlbGV0ZSI6MTIwMDAwMDAwMDAwMH0sInNjaGVtYV92ZXJzaW9uIjoiMSJ9",
          "dependencies": [
            "module.vpc.aws_vpc.vpc"
          ]
        }
      ]
    },
    {
      "module": "module.vpc",
      "mode": "managed",
      "type": "aws_vpc",
      "name": "vpc",
      "provider": "provider.aws",
      "instances": [
        {
          "schema_version": 1,
          "attributes": {
            "arn": "arn:aws:ec2:us-east-1:020046395185:vpc/vpc-0a412bec63cd483f2",
            "assign_generated_ipv6_cidr_block": false,
            "cidr_block": "10.0.0.0/16",
            "default_network_acl_id": "acl-0ece2df336634d3b8",
            "default_route_table_id": "rtb-0091a687c872a899b",
            "default_security_group_id": "sg-09c8f87960f0f22d5",
            "dhcp_options_id": "dopt-e96a8593",
            "enable_classiclink": false,
            "enable_classiclink_dns_support": false,
            "enable_dns_hostnames": true,
            "enable_dns_support": true,
            "id": "vpc-0a412bec63cd483f2",
            "instance_tenancy": "default",
            "ipv6_association_id": "",
            "ipv6_cidr_block": "",
            "main_route_table_id": "rtb-0091a687c872a899b",
            "owner_id": "020046395185",
            "tags": {
              "Name": "default-vpc"
            }
          },
          "private": "eyJzY2hlbWFfdmVyc2lvbiI6IjEifQ=="
        }
      ]
    }
  ]
}
